version = 1
revision = 3
requires-python = ">=3.10"

[[package]]
name = "cmake"
version = "3.31.6"
source = { registry = "https://pypi.org/simple" }
sdist = { url = "https://files.pythonhosted.org/packages/00/95/ed1ad3763da30c963a941d3c641c9ec9f1397742407a3ab00f94263a5d9d/cmake-3.31.6.tar.gz", hash = "sha256:8edddfbf367fa1bcf4b9f3064470bc0e1022f70609c0cf69c863961897826205", size = 34370, upload-time = "2025-02-28T00:16:15.693Z" }
wheels = [
    { url = "https://files.pythonhosted.org/packages/7f/09/516b0d709672bc430eb13278f0316acd34869269447744f5d136daeef689/cmake-3.31.6-py3-none-macosx_10_10_universal2.whl", hash = "sha256:da9d4fd9abd571fd016ddb27da0428b10277010b23bb21e3678f8b9e96e1686e", size = 47224338, upload-time = "2025-02-28T00:14:40.995Z" },
    { url = "https://files.pythonhosted.org/packages/4c/a7/c12bc44214397a0429d08cb90adb8fdcfa643a03121daade5ee6bbfe060f/cmake-3.31.6-py3-none-manylinux_2_12_i686.manylinux2010_i686.whl", hash = "sha256:689441fc74fbb03673c67e20d4636614a231634d5e803387cd213d2cdf9675fc", size = 27569682, upload-time = "2025-02-28T00:14:47.646Z" },
    { url = "https://files.pythonhosted.org/packages/1e/52/85550dfcadca90b59809a1225461bfaadfcbbcc8fe62fa24f75edbe6e0b1/cmake-3.31.6-py3-none-manylinux_2_12_x86_64.manylinux2010_x86_64.whl", hash = "sha256:2297e9591307d9c61e557efe737bcf4d7c13a30f1f860732f684a204fee24dca", size = 26820570, upload-time = "2025-02-28T00:14:52.256Z" },
    { url = "https://files.pythonhosted.org/packages/1e/97/c950850b00daf4a79c38a9f2e463dc75581a43a9575186439cff43cf4740/cmake-3.31.6-py3-none-manylinux_2_17_aarch64.manylinux2014_aarch64.whl", hash = "sha256:42d9883b8958da285d53d5f69d40d9650c2d1bcf922d82b3ebdceb2b3a7d4521", size = 27155601, upload-time = "2025-02-28T00:14:58.201Z" },
    { url = "https://files.pythonhosted.org/packages/a2/a4/d1fa5222f399cb6c304fc96d18d2144e61c1e5146f6fc98063dfa6b61ea2/cmake-3.31.6-py3-none-manylinux_2_17_i686.manylinux2014_i686.whl", hash = "sha256:cefb910be81e1b4fdc3b89ef61819c3e848b3906ed56ac36d090f37cfa05666b", size = 28882832, upload-time = "2025-02-28T00:15:03.969Z" },
    { url = "https://files.pythonhosted.org/packages/82/e3/3c4057e797e2151ae57ce0cb9ca10310e5b2ff3da4e2089b713f1a680280/cmake-3.31.6-py3-none-manylinux_2_17_ppc64le.manylinux2014_ppc64le.whl", hash = "sha256:4326f6c6f39867a60e2822fea8e6aedbcac09c9f59ad3f0f3386a890a2c8d89d", size = 30746172, upload-time = "2025-02-28T00:15:08.698Z" },
    { url = "https://files.pythonhosted.org/packages/1e/ec/d1c50c2a283bd0f567da1a0a70d99e0c8056104b3d857829b5759ee5321f/cmake-3.31.6-py3-none-manylinux_2_17_s390x.manylinux2014_s390x.whl", hash = "sha256:6f77db820af725bb92fab60c4c9d67f64442ac0ea9b933aca4cd4586219cbd1f", size = 26923376, upload-time = "2025-02-28T00:15:14.204Z" },
    { url = "https://files.pythonhosted.org/packages/59/e8/096984b89133681533650b9078c5ed1c5c9b534e869b5487f22d4de1935c/cmake-3.31.6-py3-none-manylinux_2_17_x86_64.manylinux2014_x86_64.whl", hash = "sha256:1c8b05df0602365da91ee6a3336fe57525b137706c4ab5675498f662ae1dbcec", size = 27800904, upload-time = "2025-02-28T00:15:19.697Z" },
    { url = "https://files.pythonhosted.org/packages/a9/f9/715a389ebbca277fb9d90e512ed5643e99139283c6f1fb211d7b62e18641/cmake-3.31.6-py3-none-manylinux_2_31_armv7l.whl", hash = "sha256:9eed74a1f2a29a7cd92a9f071a35d64645b19802beb393ec250d6e7c09441314", size = 24978138, upload-time = "2025-02-28T00:15:24.533Z" },
    { url = "https://files.pythonhosted.org/packages/1e/0c/75dd5349f17070858428ab4d8109581236724aa9ab8bf7702c48fb242ac8/cmake-3.31.6-py3-none-musllinux_1_1_aarch64.whl", hash = "sha256:112b36427e59bd26145b705a49d5f70b16433a655ce807cb8fdd81dd4d0e60c2", size = 27838267, upload-time = "2025-02-28T00:15:30.131Z" },
    { url = "https://files.pythonhosted.org/packages/02/8c/8c71a96e54192d81dfe696920b8cc018a1acf34029fcb18d47f21ba1d582/cmake-3.31.6-py3-none-musllinux_1_1_i686.whl", hash = "sha256:13f2e636dc27834fe096f53301d6efb913b4b501fdc0ed03f386c0a7e7ec1a21", size = 31379771, upload-time = "2025-02-28T00:15:35.566Z" },
    { url = "https://files.pythonhosted.org/packages/7a/58/37f09b8e6dcdbcbeb165c36e7def24463b3a05e9c95018f3b45ea779c975/cmake-3.31.6-py3-none-musllinux_1_1_ppc64le.whl", hash = "sha256:8b67bf9613dfb59c12ce643c6be582c49c981e6eee28c4c244aeb3248b33f05e", size = 32092248, upload-time = "2025-02-28T00:15:40.51Z" },
    { url = "https://files.pythonhosted.org/packages/e1/f8/b09c58e08ab7e9c1d1da28fde86fc8f48228dc9dbf3530ee695346b72f42/cmake-3.31.6-py3-none-musllinux_1_1_s390x.whl", hash = "sha256:024a79ca3d2c355f75875b6cc92d907afd710d1a4ffde2f20a7da712a2f4b1c3", size = 27960713, upload-time = "2025-02-28T00:15:45.594Z" },
    { url = "https://files.pythonhosted.org/packages/1e/40/08cdebe9f4ab7e3299c4a3a10c7f209bbe8b25781c40ea1788a3aca39222/cmake-3.31.6-py3-none-musllinux_1_1_x86_64.whl", hash = "sha256:ce5fc0299ecafe489b2614daa6176c3c2baacea6bc3b359bac9aa25b46ed43e9", size = 29486066, upload-time = "2025-02-28T00:15:50.767Z" },
    { url = "https://files.pythonhosted.org/packages/ec/23/fea759f3e09e1d42e58ce64e5acddb96c95d48bb1b0495d20d6b3ec0da88/cmake-3.31.6-py3-none-musllinux_1_2_armv7l.whl", hash = "sha256:547efc1d0e27a194da819a0392fe645a9b8f1485bc2c3f34ae4f1e682cfd3153", size = 32986603, upload-time = "2025-02-28T00:15:55.536Z" },
    { url = "https://files.pythonhosted.org/packages/2d/be/3c8fb670b75ff2850ba2269dd5d2b76ba12545e3c0c6ce064334ac4edf9f/cmake-3.31.6-py3-none-win32.whl", hash = "sha256:9f170e3c6933dba64f333cb456823bbb1d0ac126f94aa4a577e40855d2b1ca49", size = 33420573, upload-time = "2025-02-28T00:16:00.427Z" },
    { url = "https://files.pythonhosted.org/packages/18/58/909d6d99acb4e0886d0f660cf4e0fb26f586590e370b2e4ce7a10d06b145/cmake-3.31.6-py3-none-win_amd64.whl", hash = "sha256:bbaed969cef3c427f4f17591feb28db4ae595e3a4bbd45cb35522cee14df6a32", size = 36396448, upload-time = "2025-02-28T00:16:05.702Z" },
    { url = "https://files.pythonhosted.org/packages/c2/89/59ce2d293dfb2da1360e3c21b775559dd18b9f9d34c5cb5ed128d5a8faf5/cmake-3.31.6-py3-none-win_arm64.whl", hash = "sha256:6cb97adae7e5390ce68f8b7f38e1be1c72bf19e9f6727f31f8fa1c095b39be88", size = 35422613, upload-time = "2025-02-28T00:16:11.529Z" },
]

[[package]]
name = "ninja"
version = "1.11.1.4"
source = { registry = "https://pypi.org/simple" }
sdist = { url = "https://files.pythonhosted.org/packages/95/d4/6b0324541018561c5e73e617bd16f20a4fc17d1179bb3b3520b6ca8beb7b/ninja-1.11.1.4.tar.gz", hash = "sha256:6aa39f6e894e0452e5b297327db00019383ae55d5d9c57c73b04f13bf79d438a", size = 201256, upload-time = "2025-03-22T06:46:43.46Z" }
wheels = [
    { url = "https://files.pythonhosted.org/packages/4f/b1/3a61b348936b62a386465b1937cd778fa3a5748582e26d832dbab844ff27/ninja-1.11.1.4-py3-none-macosx_10_9_universal2.whl", hash = "sha256:b33923c8da88e8da20b6053e38deb433f53656441614207e01d283ad02c5e8e7", size = 279071, upload-time = "2025-03-22T06:46:17.806Z" },
    { url = "https://files.pythonhosted.org/packages/12/42/4c94fdad51fcf1f039a156e97de9e4d564c2a8cc0303782d36f9bd893a4b/ninja-1.11.1.4-py3-none-manylinux_2_12_i686.manylinux2010_i686.whl", hash = "sha256:cede0af00b58e27b31f2482ba83292a8e9171cdb9acc2c867a3b6e40b3353e43", size = 472026, upload-time = "2025-03-22T06:46:19.974Z" },
    { url = "https://files.pythonhosted.org/packages/eb/7a/455d2877fe6cf99886849c7f9755d897df32eaf3a0fba47b56e615f880f7/ninja-1.11.1.4-py3-none-manylinux_2_12_x86_64.manylinux2010_x86_64.whl", hash = "sha256:096487995473320de7f65d622c3f1d16c3ad174797602218ca8c967f51ec38a0", size = 422814, upload-time = "2025-03-22T06:46:21.235Z" },
    { url = "https://files.pythonhosted.org/packages/e3/ad/fb6cca942528e25e8e0ab0f0cf98fe007319bf05cf69d726c564b815c4af/ninja-1.11.1.4-py3-none-manylinux_2_17_aarch64.manylinux2014_aarch64.whl", hash = "sha256:d3090d4488fadf6047d0d7a1db0c9643a8d391f0d94729554dbb89b5bdc769d7", size = 156965, upload-time = "2025-03-22T06:46:23.45Z" },
    { url = "https://files.pythonhosted.org/packages/a8/e7/d94a1b60031b115dd88526834b3da69eaacdc3c1a6769773ca8e2b1386b5/ninja-1.11.1.4-py3-none-manylinux_2_17_ppc64le.manylinux2014_ppc64le.whl", hash = "sha256:ecce44a00325a93631792974659cf253a815cc6da4ec96f89742925dfc295a0d", size = 179937, upload-time = "2025-03-22T06:46:24.728Z" },
    { url = "https://files.pythonhosted.org/packages/08/cc/e9316a28235409e9363794fc3d0b3083e48dd80d441006de66421e55f364/ninja-1.11.1.4-py3-none-manylinux_2_17_s390x.manylinux2014_s390x.whl", hash = "sha256:9c29bb66d2aa46a2409ab369ea804c730faec7652e8c22c1e428cc09216543e5", size = 157020, upload-time = "2025-03-22T06:46:26.046Z" },
    { url = "https://files.pythonhosted.org/packages/e3/30/389b22300541aa5f2e9dad322c4de2f84be4e32aa4e8babd9160d620b5f1/ninja-1.11.1.4-py3-none-manylinux_2_28_armv7l.manylinux_2_31_armv7l.whl", hash = "sha256:055f386fb550c2c9d6157e45e20a84d29c47968876b9c5794ae2aec46f952306", size = 130389, upload-time = "2025-03-22T06:46:27.174Z" },
    { url = "https://files.pythonhosted.org/packages/a9/10/e27f35cb92813aabbb7ae771b1685b45be1cc8a0798ce7d4bfd08d142b93/ninja-1.11.1.4-py3-none-musllinux_1_1_aarch64.whl", hash = "sha256:f6186d7607bb090c3be1e10c8a56b690be238f953616626f5032238c66e56867", size = 372435, upload-time = "2025-03-22T06:46:28.637Z" },
    { url = "https://files.pythonhosted.org/packages/c2/26/e3559619756739aae124c6abf7fe41f7e546ab1209cfbffb13137bff2d2e/ninja-1.11.1.4-py3-none-musllinux_1_1_i686.whl", hash = "sha256:cf4453679d15babc04ba023d68d091bb613091b67101c88f85d2171c6621c6eb", size = 419300, upload-time = "2025-03-22T06:46:30.392Z" },
    { url = "https://files.pythonhosted.org/packages/35/46/809e4e9572570991b8e6f88f3583807d017371ab4cb09171cbc72a7eb3e4/ninja-1.11.1.4-py3-none-musllinux_1_1_ppc64le.whl", hash = "sha256:d4a6f159b08b0ac4aca5ee1572e3e402f969139e71d85d37c0e2872129098749", size = 420239, upload-time = "2025-03-22T06:46:32.442Z" },
    { url = "https://files.pythonhosted.org/packages/e6/64/5cb5710d15f844edf02ada577f8eddfdcd116f47eec15850f3371a3a4b33/ninja-1.11.1.4-py3-none-musllinux_1_1_s390x.whl", hash = "sha256:c3b96bd875f3ef1db782470e9e41d7508905a0986571f219d20ffed238befa15", size = 415986, upload-time = "2025-03-22T06:46:33.821Z" },
    { url = "https://files.pythonhosted.org/packages/95/b2/0e9ab1d926f423b12b09925f78afcc5e48b3c22e7121be3ddf6c35bf06a3/ninja-1.11.1.4-py3-none-musllinux_1_1_x86_64.whl", hash = "sha256:cf554e73f72c04deb04d0cf51f5fdb1903d9c9ca3d2344249c8ce3bd616ebc02", size = 379657, upload-time = "2025-03-22T06:46:36.166Z" },
    { url = "https://files.pythonhosted.org/packages/c8/3e/fd6d330d0434168e7fe070d414b57dd99c4c133faa69c05b42a3cbdc6c13/ninja-1.11.1.4-py3-none-musllinux_1_2_armv7l.whl", hash = "sha256:cfdd09776436a1ff3c4a2558d3fc50a689fb9d7f1bdbc3e6f7b8c2991341ddb3", size = 454466, upload-time = "2025-03-22T06:46:37.413Z" },
    { url = "https://files.pythonhosted.org/packages/e6/df/a25f3ad0b1c59d1b90564096e4fd89a6ca30d562b1e942f23880c3000b89/ninja-1.11.1.4-py3-none-win32.whl", hash = "sha256:2ab67a41c90bea5ec4b795bab084bc0b3b3bb69d3cd21ca0294fc0fc15a111eb", size = 255931, upload-time = "2025-03-22T06:46:39.171Z" },
    { url = "https://files.pythonhosted.org/packages/5b/10/9b8fe9ac004847490cc7b54896124c01ce2d87d95dc60aabd0b8591addff/ninja-1.11.1.4-py3-none-win_amd64.whl", hash = "sha256:4617b3c12ff64b611a7d93fd9e378275512bb36eff8babff7c83f5116b4f8d66", size = 296461, upload-time = "2025-03-22T06:46:40.532Z" },
    { url = "https://files.pythonhosted.org/packages/b9/58/612a17593c2d117f96c7f6b7f1e6570246bddc4b1e808519403a1417f217/ninja-1.11.1.4-py3-none-win_arm64.whl", hash = "sha256:5713cf50c5be50084a8693308a63ecf9e55c3132a78a41ab1363a28b6caaaee1", size = 271441, upload-time = "2025-03-22T06:46:42.147Z" },
]

[[package]]
name = "unicorn"
version = "2.1.4"
source = { registry = "https://pypi.org/simple" }
sdist = { url = "https://files.pythonhosted.org/packages/b2/1b/b4248aa8422e86de690cf8e85cf8feae4c33405a097d1ebe71570bdaa6f5/unicorn-2.1.4.tar.gz", hash = "sha256:00567a70e323f749b419cd86bee4f9115beab7ebba32194581c090cbb7c59cff", size = 2900334, upload-time = "2025-09-09T17:10:48.026Z" }
wheels = [
    { url = "https://files.pythonhosted.org/packages/c8/a7/92b47771e2107a201632a199cec91e8a81ee8a071ca6b7e7d600d8c61ac9/unicorn-2.1.4-cp37-abi3-macosx_10_9_x86_64.whl", hash = "sha256:2a6f738fab5fabffa56af1e7bbf16ea1e91466c342f8dc64f125bd70f36c6b80", size = 12958220, upload-time = "2025-09-09T17:10:04.86Z" },
    { url = "https://files.pythonhosted.org/packages/6c/ae/4943c6f8524d729ec7d5e69df6407ea05d710fe77471d91cecf3fc64eb57/unicorn-2.1.4-cp37-abi3-macosx_11_0_arm64.whl", hash = "sha256:d6c93e0f60328d8f4a1792af3f834137a28050fcc2305f2ec01efe8558a9844e", size = 12142730, upload-time = "2025-09-09T17:10:07.48Z" },
    { url = "https://files.pythonhosted.org/packages/33/9f/32d41eb942221bcf4417cdc65537fc8b3bbbd6079d6c161e621f1dd4e94a/unicorn-2.1.4-cp37-abi3-manylinux_2_17_aarch64.manylinux2014_aarch64.whl", hash = "sha256:bd1fb0c9af5f57e356d8a96928b4fe045b2e18f308ef23b481d5f970008aa722", size = 15372569, upload-time = "2025-09-09T17:10:09.765Z" },
    { url = "https://files.pythonhosted.org/packages/5f/7f/83161916dedff22ddb187bd2751150a1bc53c88b7c1a8d6fa1cc9e144c64/unicorn-2.1.4-cp37-abi3-manylinux_2_17_i686.manylinux2014_i686.whl", hash = "sha256:8f4e63b76ac4faa7cd32a4c436e96eabc24b91d52e73bde7699ec886bddf9277", size = 19842875, upload-time = "2025-09-09T17:10:11.795Z" },
    { url = "https://files.pythonhosted.org/packages/e7/df/ded5e3684c2d7600b30cc8a7530277b8cb36644a1a9d34cade7ebb45604c/unicorn-2.1.4-cp37-abi3-manylinux_2_17_x86_64.manylinux2014_x86_64.whl", hash = "sha256:9d6e6dea140560de4ebd8446661f7ef84a357d428c14a3ef09dacd306ec8c239", size = 16436886, upload-time = "2025-09-09T17:10:14.079Z" },
    { url = "https://files.pythonhosted.org/packages/70/38/ba5a051c844026e59ab6e0017db8cec77dbe20ab5f1d6edae1ce9d885b06/unicorn-2.1.4-cp37-abi3-musllinux_1_2_aarch64.whl", hash = "sha256:01d744ba01c5cc68f1d7afe3d183f1868720fd440ec4eaedc4d1d5d9bf54b84c", size = 16089431, upload-time = "2025-09-09T17:10:16.557Z" },
    { url = "https://files.pythonhosted.org/packages/35/07/0b2fb9d2a462066aa24b7d18b463300df79cc4eaa471379f8af7d216261c/unicorn-2.1.4-cp37-abi3-musllinux_1_2_i686.whl", hash = "sha256:ce5c3bfd05f2a5749a0d8a960e1dfc26519a2d09377dc01cfa1378b936a953f8", size = 20531342, upload-time = "2025-09-09T17:10:19.008Z" },
    { url = "https://files.pythonhosted.org/packages/ed/4b/4628ccb20eb3ad1af400de8181d1f4e5c1a3fc2affa1b3410c1b2d71af36/unicorn-2.1.4-cp37-abi3-musllinux_1_2_x86_64.whl", hash = "sha256:d348a90ee90219d141cb115ef8ed7e3fd1af42afaee105f7580761d775b25e32", size = 16925029, upload-time = "2025-09-09T17:10:21.089Z" },
    { url = "https://files.pythonhosted.org/packages/08/23/6ae96f8efa8ede707cc67d18d76a08de498bd818483cf8211baf855eabb2/unicorn-2.1.4-cp37-abi3-win32.whl", hash = "sha256:9be89e69be5e2631299f39a7fb8e47b8d3bfaa70ae746e9c4c5f9476a2df9778", size = 11798091, upload-time = "2025-09-09T17:10:23.477Z" },
    { url = "https://files.pythonhosted.org/packages/70/3d/de7be9bd1addabe6d8a1369381f8a080400c349850e978689c5e18287957/unicorn-2.1.4-cp37-abi3-win_amd64.whl", hash = "sha256:d7107500c64ce5c168fbff6bef9485b5db1350050036f4cea568650cf8bdbdf5", size = 15943079, upload-time = "2025-09-09T17:10:25.265Z" },
]

[[package]]
name = "wekit-zygisk-tools"
version = "0.1.0"
source = { virtual = "." }

[package.dev-dependencies]
build = [
    { name = "cmake" },
    { name = "ninja" },
]
test = [
    { name = "unicorn" },
]

[package.metadata]

[package.metadata.requires-dev]
build = [
    { name = "cmake", specifier = "==3.31.6" },
    { name = "ninja", specifier = "==1.11.1.4" },
]
test = [{ name = "unicorn", specifier = "==2.1.4" }]
